
Microsoft Visual Studio Solution File, Format Version 12.00
# Visual Studio 15
VisualStudioVersion = 15.0.27130.2027
MinimumVisualStudioVersion = 10.0.40219.1
Project("{FAE04EC0-301F-11D3-BF4B-00C04F79EFBC}") = "DataHandleWebService", "DataHandleWebService\DataHandleWebService.csproj", "{BF6216D4-E0BF-498D-964E-13F5F7CC0D5E}"
EndProject
Global
	GlobalSection(SolutionConfigurationPlatforms) = preSolution
		Debug|Any CPU = Debug|Any CPU
		Release|Any CPU = Release|Any CPU
	EndGlobalSection
	GlobalSection(ProjectConfigurationPlatforms) = postSolution
		{BF6216D4-E0BF-498D-964E-13F5F7CC0D5E}.Debug|Any CPU.ActiveCfg = Debug|Any CPU
		{BF6216D4-E0BF-498D-964E-13F5F7CC0D5E}.Debug|Any CPU.Build.0 = Debug|Any CPU
		{BF6216D4-E0BF-498D-964E-13F5F7CC0D5E}.Release|Any CPU.ActiveCfg = Release|Any CPU
		{BF6216D4-E0BF-498D-964E-13F5F7CC0D5E}.Release|Any CPU.Build.0 = Release|Any CPU
	EndGlobalSection
	GlobalSection(SolutionProperties) = preSolution
		HideSolutionNode = FALSE
	EndGlobalSection
	GlobalSection(ExtensibilityGlobals) = postSolution
		SolutionGuid = {BE71D505-1ED8-466B-AC30-28BF91AEF261}
	EndGlobalSection
EndGlobal
